[{<<"bear">>,
  {git,"git://github.com/boundary/bear.git",
       {ref,"119234548783af19b8ec75c879c5062676b92571"}},
  1},
 {<<"cowlib">>,
  {git,"https://github.com/ninenines/cowlib",
       {ref,"f8d0ad7f19b5dddd33cbfb089ebd2e2be2a81a5d"}},
  1},
 {<<"folsom">>,
  {git,"https://github.com/boundary/folsom",
       {ref,"8914823067c623d2839ecd6d17785ba94ad004c8"}},
  0},
 {<<"jsx">>,
  {git,"https://github.com/talentdeficit/jsx",
       {ref,"2ecf598b5f1192acf63baeed1dc7fa45149b4e35"}},
  0},
 {<<"meck">>,
  {git,"git://github.com/eproxus/meck",
       {ref,"dde759050eff19a1a80fd854d7375174b191665d"}},
  1},
 {<<"ranch">>,
  {git,"https://github.com/ninenines/ranch",
       {ref,"55c2a9d623454f372a15e99721a37093d8773b48"}},
  1}].
